
Microsoft Visual Studio Solution File, Format Version 12.00
# Visual Studio 2012
Project("{FAE04EC0-301F-11D3-BF4B-00C04F79EFBC}") = "KueNotification", "KueNotification\KueNotification.csproj", "{45AD1C57-FA03-41F8-B8B7-9CB961D64FCA}"
EndProject
Project("{FAE04EC0-301F-11D3-BF4B-00C04F79EFBC}") = "PushNotification", "..\AstroCompanionApi\PushNotification\PushNotification.csproj", "{5E4B0818-80B0-4A66-A86A-67FC57B9F8EC}"
EndProject
Project("{FAE04EC0-301F-11D3-BF4B-00C04F79EFBC}") = "APNServiceRedis", "APNServiceRedis\APNServiceRedis.csproj", "{825AA5FD-4565-45BF-B798-6025A692B1D2}"
EndProject
Global
	GlobalSection(SolutionConfigurationPlatforms) = preSolution
		Debug|Any CPU = Debug|Any CPU
		Release|Any CPU = Release|Any CPU
	EndGlobalSection
	GlobalSection(ProjectConfigurationPlatforms) = postSolution
		{45AD1C57-FA03-41F8-B8B7-9CB961D64FCA}.Debug|Any CPU.ActiveCfg = Debug|Any CPU
		{45AD1C57-FA03-41F8-B8B7-9CB961D64FCA}.Debug|Any CPU.Build.0 = Debug|Any CPU
		{45AD1C57-FA03-41F8-B8B7-9CB961D64FCA}.Release|Any CPU.ActiveCfg = Release|Any CPU
		{45AD1C57-FA03-41F8-B8B7-9CB961D64FCA}.Release|Any CPU.Build.0 = Release|Any CPU
		{5E4B0818-80B0-4A66-A86A-67FC57B9F8EC}.Debug|Any CPU.ActiveCfg = Debug|Any CPU
		{5E4B0818-80B0-4A66-A86A-67FC57B9F8EC}.Debug|Any CPU.Build.0 = Debug|Any CPU
		{5E4B0818-80B0-4A66-A86A-67FC57B9F8EC}.Release|Any CPU.ActiveCfg = Release|Any CPU
		{5E4B0818-80B0-4A66-A86A-67FC57B9F8EC}.Release|Any CPU.Build.0 = Release|Any CPU
		{825AA5FD-4565-45BF-B798-6025A692B1D2}.Debug|Any CPU.ActiveCfg = Debug|Any CPU
		{825AA5FD-4565-45BF-B798-6025A692B1D2}.Debug|Any CPU.Build.0 = Debug|Any CPU
		{825AA5FD-4565-45BF-B798-6025A692B1D2}.Release|Any CPU.ActiveCfg = Release|Any CPU
		{825AA5FD-4565-45BF-B798-6025A692B1D2}.Release|Any CPU.Build.0 = Release|Any CPU
	EndGlobalSection
	GlobalSection(SolutionProperties) = preSolution
		HideSolutionNode = FALSE
	EndGlobalSection
EndGlobal
